
Microsoft Visual Studio Solution File, Format Version 12.00
# Visual Studio Version 17
VisualStudioVersion = 17.5.002.0
MinimumVisualStudioVersion = 10.0.40219.1
Project("{9A19103F-16F7-4668-BE54-9A1E7A4F7556}") = "DesafioFundamentos", "DesafioFundamentos.csproj", "{1FFCCFBE-C15D-415E-BFB4-9B678047CADB}"
EndProject
Global
	GlobalSection(SolutionConfigurationPlatforms) = preSolution
		Debug|Any CPU = Debug|Any CPU
		Release|Any CPU = Release|Any CPU
	EndGlobalSection
	GlobalSection(ProjectConfigurationPlatforms) = postSolution
		{1FFCCFBE-C15D-415E-BFB4-9B678047CADB}.Debug|Any CPU.ActiveCfg = Debug|Any CPU
		{1FFCCFBE-C15D-415E-BFB4-9B678047CADB}.Debug|Any CPU.Build.0 = Debug|Any CPU
		{1FFCCFBE-C15D-415E-BFB4-9B678047CADB}.Release|Any CPU.ActiveCfg = Release|Any CPU
		{1FFCCFBE-C15D-415E-BFB4-9B678047CADB}.Release|Any CPU.Build.0 = Release|Any CPU
	EndGlobalSection
	GlobalSection(SolutionProperties) = preSolution
		HideSolutionNode = FALSE
	EndGlobalSection
	GlobalSection(ExtensibilityGlobals) = postSolution
		SolutionGuid = {AC73B4E9-68D7-4D59-95EB-D43D8A385F7F}
	EndGlobalSection
EndGlobal
